
Microsoft Visual Studio Solution File, Format Version 12.00
# Visual Studio Version 16
VisualStudioVersion = 16.0.29503.13
MinimumVisualStudioVersion = 10.0.40219.1
Project("{9A19103F-16F7-4668-BE54-9A1E7A4F7556}") = "PaymentGateway", "PaymentGateway\PaymentGateway.csproj", "{A61653BA-A972-423F-919C-CE23A9B0C210}"
EndProject
Project("{2150E333-8FDC-42A3-9474-1A3956D46DE8}") = "Solution Items", "Solution Items", "{08FB701E-1FC7-4EEE-AC66-772D2189E758}"
	ProjectSection(SolutionItems) = preProject
		build-service-docker.cmd = build-service-docker.cmd
		build-service-docker.sh = build-service-docker.sh
		PaymentDb.dgml = PaymentDb.dgml
		README.md = README.md
		run-service-docker.cmd = run-service-docker.cmd
		run-service-docker.sh = run-service-docker.sh
	EndProjectSection
EndProject
Project("{9A19103F-16F7-4668-BE54-9A1E7A4F7556}") = "PaymentGateway.Tests", "PaymentGateway.Tests\PaymentGateway.Tests.csproj", "{5E4733F3-767E-4540-B224-47BDC97E90C4}"
EndProject
Project("{9A19103F-16F7-4668-BE54-9A1E7A4F7556}") = "PaymentGateway.Client", "PaymentGateway.Client\PaymentGateway.Client.csproj", "{9AA6E3C7-7DF7-46B4-A084-483C4E148338}"
EndProject
Project("{9A19103F-16F7-4668-BE54-9A1E7A4F7556}") = "PaymentGateway.ITests", "PaymentGateway.ITests\PaymentGateway.ITests.csproj", "{C27447DC-727E-4CCA-97B9-37B8E202564E}"
EndProject
Project("{9A19103F-16F7-4668-BE54-9A1E7A4F7556}") = "PaymentGateway.Model", "PaymentGateway.Model\PaymentGateway.Model.csproj", "{8B83E3E4-4FD7-4EE7-AB76-C179FA51F8BA}"
EndProject
Global
	GlobalSection(SolutionConfigurationPlatforms) = preSolution
		Debug|Any CPU = Debug|Any CPU
		Release|Any CPU = Release|Any CPU
	EndGlobalSection
	GlobalSection(ProjectConfigurationPlatforms) = postSolution
		{A61653BA-A972-423F-919C-CE23A9B0C210}.Debug|Any CPU.ActiveCfg = Debug|Any CPU
		{A61653BA-A972-423F-919C-CE23A9B0C210}.Debug|Any CPU.Build.0 = Debug|Any CPU
		{A61653BA-A972-423F-919C-CE23A9B0C210}.Release|Any CPU.ActiveCfg = Release|Any CPU
		{A61653BA-A972-423F-919C-CE23A9B0C210}.Release|Any CPU.Build.0 = Release|Any CPU
		{5E4733F3-767E-4540-B224-47BDC97E90C4}.Debug|Any CPU.ActiveCfg = Debug|Any CPU
		{5E4733F3-767E-4540-B224-47BDC97E90C4}.Debug|Any CPU.Build.0 = Debug|Any CPU
		{5E4733F3-767E-4540-B224-47BDC97E90C4}.Release|Any CPU.ActiveCfg = Release|Any CPU
		{5E4733F3-767E-4540-B224-47BDC97E90C4}.Release|Any CPU.Build.0 = Release|Any CPU
		{9AA6E3C7-7DF7-46B4-A084-483C4E148338}.Debug|Any CPU.ActiveCfg = Debug|Any CPU
		{9AA6E3C7-7DF7-46B4-A084-483C4E148338}.Debug|Any CPU.Build.0 = Debug|Any CPU
		{9AA6E3C7-7DF7-46B4-A084-483C4E148338}.Release|Any CPU.ActiveCfg = Release|Any CPU
		{9AA6E3C7-7DF7-46B4-A084-483C4E148338}.Release|Any CPU.Build.0 = Release|Any CPU
		{C27447DC-727E-4CCA-97B9-37B8E202564E}.Debug|Any CPU.ActiveCfg = Debug|Any CPU
		{C27447DC-727E-4CCA-97B9-37B8E202564E}.Debug|Any CPU.Build.0 = Debug|Any CPU
		{C27447DC-727E-4CCA-97B9-37B8E202564E}.Release|Any CPU.ActiveCfg = Release|Any CPU
		{C27447DC-727E-4CCA-97B9-37B8E202564E}.Release|Any CPU.Build.0 = Release|Any CPU
		{8B83E3E4-4FD7-4EE7-AB76-C179FA51F8BA}.Debug|Any CPU.ActiveCfg = Debug|Any CPU
		{8B83E3E4-4FD7-4EE7-AB76-C179FA51F8BA}.Debug|Any CPU.Build.0 = Debug|Any CPU
		{8B83E3E4-4FD7-4EE7-AB76-C179FA51F8BA}.Release|Any CPU.ActiveCfg = Release|Any CPU
		{8B83E3E4-4FD7-4EE7-AB76-C179FA51F8BA}.Release|Any CPU.Build.0 = Release|Any CPU
	EndGlobalSection
	GlobalSection(SolutionProperties) = preSolution
		HideSolutionNode = FALSE
	EndGlobalSection
	GlobalSection(ExtensibilityGlobals) = postSolution
		SolutionGuid = {1DED0ABF-6E59-47C6-83E7-53E8E1E599BE}
	EndGlobalSection
EndGlobal
